
Microsoft Visual Studio Solution File, Format Version 12.00
# Visual Studio Version 16
VisualStudioVersion = 16.0.32901.82
MinimumVisualStudioVersion = 10.0.40219.1
Project("{FAE04EC0-301F-11D3-BF4B-00C04F79EFBC}") = "homework-21.10.2022", "homework-21.10.2022\homework-21.10.2022.csproj", "{8185F8FC-695C-4906-B110-6BACD1B14815}"
EndProject
Global
	GlobalSection(SolutionConfigurationPlatforms) = preSolution
		Debug|Any CPU = Debug|Any CPU
		Release|Any CPU = Release|Any CPU
	EndGlobalSection
	GlobalSection(ProjectConfigurationPlatforms) = postSolution
		{8185F8FC-695C-4906-B110-6BACD1B14815}.Debug|Any CPU.ActiveCfg = Debug|Any CPU
		{8185F8FC-695C-4906-B110-6BACD1B14815}.Debug|Any CPU.Build.0 = Debug|Any CPU
		{8185F8FC-695C-4906-B110-6BACD1B14815}.Release|Any CPU.ActiveCfg = Release|Any CPU
		{8185F8FC-695C-4906-B110-6BACD1B14815}.Release|Any CPU.Build.0 = Release|Any CPU
	EndGlobalSection
	GlobalSection(SolutionProperties) = preSolution
		HideSolutionNode = FALSE
	EndGlobalSection
	GlobalSection(ExtensibilityGlobals) = postSolution
		SolutionGuid = {A9F3E00C-3D1B-43F7-AC62-00913424DDF5}
	EndGlobalSection
EndGlobal
